
Microsoft Visual Studio Solution File, Format Version 12.00
# Visual Studio Version 17
VisualStudioVersion = 17.2.32505.173
MinimumVisualStudioVersion = 10.0.40219.1
Project("{9A19103F-16F7-4668-BE54-9A1E7A4F7556}") = "DAL", "DAL\DAL.csproj", "{ABE8A8D6-0843-4B5F-A307-B5FE9F162FE2}"
EndProject
Project("{9A19103F-16F7-4668-BE54-9A1E7A4F7556}") = "BLL", "BLL\BLL.csproj", "{7AF0D176-FEB4-48C8-B850-C15CC035F507}"
EndProject
Project("{9A19103F-16F7-4668-BE54-9A1E7A4F7556}") = "ConsoleApp", "ConsoleApp\ConsoleApp.csproj", "{F428D8B5-6488-4513-B5BC-43E6D50C915C}"
EndProject
Project("{9A19103F-16F7-4668-BE54-9A1E7A4F7556}") = "UnitTests", "UnitTests\UnitTests.csproj", "{3D25FFAA-27C3-4E6F-AD25-268A8B022EDB}"
EndProject
Project("{9A19103F-16F7-4668-BE54-9A1E7A4F7556}") = "IntegrationTests", "IntegrationTests\IntegrationTests.csproj", "{1F2537CE-7794-41B9-BD48-7C9C27A9F269}"
EndProject
Project("{9A19103F-16F7-4668-BE54-9A1E7A4F7556}") = "WebApi", "WebApi\WebApi.csproj", "{EC3660F0-A3EA-4279-A935-C38C5A74877D}"
EndProject
Project("{FAE04EC0-301F-11D3-BF4B-00C04F79EFBC}") = "IdentityServer", "IdentityServer\IdentityServer.csproj", "{0CA3A746-2686-4DC2-9B9F-48A362B24794}"
EndProject
Global
	GlobalSection(SolutionConfigurationPlatforms) = preSolution
		Debug|Any CPU = Debug|Any CPU
		Release|Any CPU = Release|Any CPU
	EndGlobalSection
	GlobalSection(ProjectConfigurationPlatforms) = postSolution
		{ABE8A8D6-0843-4B5F-A307-B5FE9F162FE2}.Debug|Any CPU.ActiveCfg = Debug|Any CPU
		{ABE8A8D6-0843-4B5F-A307-B5FE9F162FE2}.Debug|Any CPU.Build.0 = Debug|Any CPU
		{ABE8A8D6-0843-4B5F-A307-B5FE9F162FE2}.Release|Any CPU.ActiveCfg = Release|Any CPU
		{ABE8A8D6-0843-4B5F-A307-B5FE9F162FE2}.Release|Any CPU.Build.0 = Release|Any CPU
		{7AF0D176-FEB4-48C8-B850-C15CC035F507}.Debug|Any CPU.ActiveCfg = Debug|Any CPU
		{7AF0D176-FEB4-48C8-B850-C15CC035F507}.Debug|Any CPU.Build.0 = Debug|Any CPU
		{7AF0D176-FEB4-48C8-B850-C15CC035F507}.Release|Any CPU.ActiveCfg = Release|Any CPU
		{7AF0D176-FEB4-48C8-B850-C15CC035F507}.Release|Any CPU.Build.0 = Release|Any CPU
		{F428D8B5-6488-4513-B5BC-43E6D50C915C}.Debug|Any CPU.ActiveCfg = Debug|Any CPU
		{F428D8B5-6488-4513-B5BC-43E6D50C915C}.Debug|Any CPU.Build.0 = Debug|Any CPU
		{F428D8B5-6488-4513-B5BC-43E6D50C915C}.Release|Any CPU.ActiveCfg = Release|Any CPU
		{F428D8B5-6488-4513-B5BC-43E6D50C915C}.Release|Any CPU.Build.0 = Release|Any CPU
		{3D25FFAA-27C3-4E6F-AD25-268A8B022EDB}.Debug|Any CPU.ActiveCfg = Debug|Any CPU
		{3D25FFAA-27C3-4E6F-AD25-268A8B022EDB}.Debug|Any CPU.Build.0 = Debug|Any CPU
		{3D25FFAA-27C3-4E6F-AD25-268A8B022EDB}.Release|Any CPU.ActiveCfg = Release|Any CPU
		{3D25FFAA-27C3-4E6F-AD25-268A8B022EDB}.Release|Any CPU.Build.0 = Release|Any CPU
		{1F2537CE-7794-41B9-BD48-7C9C27A9F269}.Debug|Any CPU.ActiveCfg = Debug|Any CPU
		{1F2537CE-7794-41B9-BD48-7C9C27A9F269}.Debug|Any CPU.Build.0 = Debug|Any CPU
		{1F2537CE-7794-41B9-BD48-7C9C27A9F269}.Release|Any CPU.ActiveCfg = Release|Any CPU
		{1F2537CE-7794-41B9-BD48-7C9C27A9F269}.Release|Any CPU.Build.0 = Release|Any CPU
		{EC3660F0-A3EA-4279-A935-C38C5A74877D}.Debug|Any CPU.ActiveCfg = Debug|Any CPU
		{EC3660F0-A3EA-4279-A935-C38C5A74877D}.Debug|Any CPU.Build.0 = Debug|Any CPU
		{EC3660F0-A3EA-4279-A935-C38C5A74877D}.Release|Any CPU.ActiveCfg = Release|Any CPU
		{EC3660F0-A3EA-4279-A935-C38C5A74877D}.Release|Any CPU.Build.0 = Release|Any CPU
		{0CA3A746-2686-4DC2-9B9F-48A362B24794}.Debug|Any CPU.ActiveCfg = Debug|Any CPU
		{0CA3A746-2686-4DC2-9B9F-48A362B24794}.Debug|Any CPU.Build.0 = Debug|Any CPU
		{0CA3A746-2686-4DC2-9B9F-48A362B24794}.Release|Any CPU.ActiveCfg = Release|Any CPU
		{0CA3A746-2686-4DC2-9B9F-48A362B24794}.Release|Any CPU.Build.0 = Release|Any CPU
	EndGlobalSection
	GlobalSection(SolutionProperties) = preSolution
		HideSolutionNode = FALSE
	EndGlobalSection
	GlobalSection(ExtensibilityGlobals) = postSolution
		SolutionGuid = {8DA91AAA-B9BF-4609-BBBC-A2195C24DB15}
	EndGlobalSection
EndGlobal
